
Microsoft Visual Studio Solution File, Format Version 12.00
# Visual Studio Version 17
VisualStudioVersion = 17.14.36811.4
MinimumVisualStudioVersion = 10.0.40219.1
Project("{FAE04EC0-301F-11D3-BF4B-00C04F79EFBC}") = "MORBIT_GNSS_WebApp", "MORBIT_GNSS_WebApp\MORBIT_GNSS_WebApp.csproj", "{D9A9A08C-6F30-4B90-8F31-CD7F837FC8B8}"
EndProject
Project("{FAE04EC0-301F-11D3-BF4B-00C04F79EFBC}") = "MORBIT_GNSS_APP.Core", "MORBIT_GNSS_APP.Core\MORBIT_GNSS_APP.Core.csproj", "{412FCEAE-9FBC-682B-625D-5E77C786568D}"
EndProject
Project("{FAE04EC0-301F-11D3-BF4B-00C04F79EFBC}") = "MORBIT_GNSS_APP.Service", "MORBIT_GNSS_APP.Service\MORBIT_GNSS_APP.Service.csproj", "{C971B6D5-94E4-A744-486F-CFEE954B5239}"
EndProject
Project("{FAE04EC0-301F-11D3-BF4B-00C04F79EFBC}") = "MORBIT_GNSS_APP.Shared", "MORBIT_GNSS_APP.Shared\MORBIT_GNSS_APP.Shared.csproj", "{429ED38C-4B2F-D1C3-F4E0-3F82CC8D0D1E}"
EndProject
Project("{FAE04EC0-301F-11D3-BF4B-00C04F79EFBC}") = "MORBIT_GNSS_APP.Repository", "MORBIT_GNSS_APP.Repository\MORBIT_GNSS_APP.Repository.csproj", "{7FE45936-8C15-4C5D-A53A-DA7F1A178B68}"
EndProject
Project("{FAE04EC0-301F-11D3-BF4B-00C04F79EFBC}") = "MORBIT_GNSS_APP.DataAccessLayer", "MORBIT_GNSS_APP.DataAccessLayer\MORBIT_GNSS_APP.DataAccessLayer.csproj", "{209F3C63-3BFC-4562-8E4E-DF16FBAD030C}"
EndProject
Global
	GlobalSection(SolutionConfigurationPlatforms) = preSolution
		Debug|Any CPU = Debug|Any CPU
		Release|Any CPU = Release|Any CPU
	EndGlobalSection
	GlobalSection(ProjectConfigurationPlatforms) = postSolution
		{D9A9A08C-6F30-4B90-8F31-CD7F837FC8B8}.Debug|Any CPU.ActiveCfg = Debug|Any CPU
		{D9A9A08C-6F30-4B90-8F31-CD7F837FC8B8}.Debug|Any CPU.Build.0 = Debug|Any CPU
		{D9A9A08C-6F30-4B90-8F31-CD7F837FC8B8}.Release|Any CPU.ActiveCfg = Release|Any CPU
		{D9A9A08C-6F30-4B90-8F31-CD7F837FC8B8}.Release|Any CPU.Build.0 = Release|Any CPU
		{412FCEAE-9FBC-682B-625D-5E77C786568D}.Debug|Any CPU.ActiveCfg = Debug|Any CPU
		{412FCEAE-9FBC-682B-625D-5E77C786568D}.Debug|Any CPU.Build.0 = Debug|Any CPU
		{412FCEAE-9FBC-682B-625D-5E77C786568D}.Release|Any CPU.ActiveCfg = Release|Any CPU
		{412FCEAE-9FBC-682B-625D-5E77C786568D}.Release|Any CPU.Build.0 = Release|Any CPU
		{C971B6D5-94E4-A744-486F-CFEE954B5239}.Debug|Any CPU.ActiveCfg = Debug|Any CPU
		{C971B6D5-94E4-A744-486F-CFEE954B5239}.Debug|Any CPU.Build.0 = Debug|Any CPU
		{C971B6D5-94E4-A744-486F-CFEE954B5239}.Release|Any CPU.ActiveCfg = Release|Any CPU
		{C971B6D5-94E4-A744-486F-CFEE954B5239}.Release|Any CPU.Build.0 = Release|Any CPU
		{429ED38C-4B2F-D1C3-F4E0-3F82CC8D0D1E}.Debug|Any CPU.ActiveCfg = Debug|Any CPU
		{429ED38C-4B2F-D1C3-F4E0-3F82CC8D0D1E}.Debug|Any CPU.Build.0 = Debug|Any CPU
		{429ED38C-4B2F-D1C3-F4E0-3F82CC8D0D1E}.Release|Any CPU.ActiveCfg = Release|Any CPU
		{429ED38C-4B2F-D1C3-F4E0-3F82CC8D0D1E}.Release|Any CPU.Build.0 = Release|Any CPU
		{7FE45936-8C15-4C5D-A53A-DA7F1A178B68}.Debug|Any CPU.ActiveCfg = Debug|Any CPU
		{7FE45936-8C15-4C5D-A53A-DA7F1A178B68}.Debug|Any CPU.Build.0 = Debug|Any CPU
		{7FE45936-8C15-4C5D-A53A-DA7F1A178B68}.Release|Any CPU.ActiveCfg = Release|Any CPU
		{7FE45936-8C15-4C5D-A53A-DA7F1A178B68}.Release|Any CPU.Build.0 = Release|Any CPU
		{209F3C63-3BFC-4562-8E4E-DF16FBAD030C}.Debug|Any CPU.ActiveCfg = Debug|Any CPU
		{209F3C63-3BFC-4562-8E4E-DF16FBAD030C}.Debug|Any CPU.Build.0 = Debug|Any CPU
		{209F3C63-3BFC-4562-8E4E-DF16FBAD030C}.Release|Any CPU.ActiveCfg = Release|Any CPU
		{209F3C63-3BFC-4562-8E4E-DF16FBAD030C}.Release|Any CPU.Build.0 = Release|Any CPU
	EndGlobalSection
	GlobalSection(SolutionProperties) = preSolution
		HideSolutionNode = FALSE
	EndGlobalSection
	GlobalSection(ExtensibilityGlobals) = postSolution
		SolutionGuid = {06582DCD-D234-41C7-8369-6665299216EB}
	EndGlobalSection
EndGlobal
